
Microsoft Visual Studio Solution File, Format Version 12.00
# Visual Studio 14
VisualStudioVersion = 14.0.25420.1
MinimumVisualStudioVersion = 10.0.40219.1
Project("{FAE04EC0-301F-11D3-BF4B-00C04F79EFBC}") = "App1.Droid", "App1\App1.Droid\App1.Droid.csproj", "{D41448B6-B901-4496-AAA4-9C601987CAEA}"
EndProject
Project("{FAE04EC0-301F-11D3-BF4B-00C04F79EFBC}") = "App1.iOS", "App1\App1.iOS\App1.iOS.csproj", "{AE652310-0496-4453-9F44-277C56C5FEFB}"
EndProject
Project("{FAE04EC0-301F-11D3-BF4B-00C04F79EFBC}") = "App1.WinPhone", "App1\App1.WinPhone\App1.WinPhone.csproj", "{62326272-A3B2-4DFF-B870-620BF0583E55}"
EndProject
Project("{FAE04EC0-301F-11D3-BF4B-00C04F79EFBC}") = "App1.UWP", "App1\App1.UWP\App1.UWP.csproj", "{7DEB182B-36A4-4F77-B127-2A59BD1BCF4F}"
EndProject
Project("{FAE04EC0-301F-11D3-BF4B-00C04F79EFBC}") = "App1.Windows", "App1\App1.Windows\App1.Windows.csproj", "{971283A9-2199-4086-916F-1C629F696F57}"
EndProject
Project("{FAE04EC0-301F-11D3-BF4B-00C04F79EFBC}") = "App1", "App1\App1\App1.csproj", "{C3ED522E-B822-4A16-9066-CB2CA323BC8F}"
EndProject
Global
	GlobalSection(SolutionConfigurationPlatforms) = preSolution
		Ad-Hoc|Any CPU = Ad-Hoc|Any CPU
		Ad-Hoc|ARM = Ad-Hoc|ARM
		Ad-Hoc|iPhone = Ad-Hoc|iPhone
		Ad-Hoc|iPhoneSimulator = Ad-Hoc|iPhoneSimulator
		Ad-Hoc|x64 = Ad-Hoc|x64
		Ad-Hoc|x86 = Ad-Hoc|x86
		AppStore|Any CPU = AppStore|Any CPU
		AppStore|ARM = AppStore|ARM
		AppStore|iPhone = AppStore|iPhone
		AppStore|iPhoneSimulator = AppStore|iPhoneSimulator
		AppStore|x64 = AppStore|x64
		AppStore|x86 = AppStore|x86
		Debug|Any CPU = Debug|Any CPU
		Debug|ARM = Debug|ARM
		Debug|iPhone = Debug|iPhone
		Debug|iPhoneSimulator = Debug|iPhoneSimulator
		Debug|x64 = Debug|x64
		Debug|x86 = Debug|x86
		Release|Any CPU = Release|Any CPU
		Release|ARM = Release|ARM
		Release|iPhone = Release|iPhone
		Release|iPhoneSimulator = Release|iPhoneSimulator
		Release|x64 = Release|x64
		Release|x86 = Release|x86
	EndGlobalSection
	GlobalSection(ProjectConfigurationPlatforms) = postSolution
		{D41448B6-B901-4496-AAA4-9C601987CAEA}.Ad-Hoc|Any CPU.ActiveCfg = Release|Any CPU
		{D41448B6-B901-4496-AAA4-9C601987CAEA}.Ad-Hoc|Any CPU.Build.0 = Release|Any CPU
		{D41448B6-B901-4496-AAA4-9C601987CAEA}.Ad-Hoc|Any CPU.Deploy.0 = Release|Any CPU
		{D41448B6-B901-4496-AAA4-9C601987CAEA}.Ad-Hoc|ARM.ActiveCfg = Release|Any CPU
		{D41448B6-B901-4496-AAA4-9C601987CAEA}.Ad-Hoc|ARM.Build.0 = Release|Any CPU
		{D41448B6-B901-4496-AAA4-9C601987CAEA}.Ad-Hoc|ARM.Deploy.0 = Release|Any CPU
		{D41448B6-B901-4496-AAA4-9C601987CAEA}.Ad-Hoc|iPhone.ActiveCfg = Release|Any CPU
		{D41448B6-B901-4496-AAA4-9C601987CAEA}.Ad-Hoc|iPhone.Build.0 = Release|Any CPU
		{D41448B6-B901-4496-AAA4-9C601987CAEA}.Ad-Hoc|iPhone.Deploy.0 = Release|Any CPU
		{D41448B6-B901-4496-AAA4-9C601987CAEA}.Ad-Hoc|iPhoneSimulator.ActiveCfg = Release|Any CPU
		{D41448B6-B901-4496-AAA4-9C601987CAEA}.Ad-Hoc|iPhoneSimulator.Build.0 = Release|Any CPU
		{D41448B6-B901-4496-AAA4-9C601987CAEA}.Ad-Hoc|iPhoneSimulator.Deploy.0 = Release|Any CPU
		{D41448B6-B901-4496-AAA4-9C601987CAEA}.Ad-Hoc|x64.ActiveCfg = Release|Any CPU
		{D41448B6-B901-4496-AAA4-9C601987CAEA}.Ad-Hoc|x64.Build.0 = Release|Any CPU
		{D41448B6-B901-4496-AAA4-9C601987CAEA}.Ad-Hoc|x64.Deploy.0 = Release|Any CPU
		{D41448B6-B901-4496-AAA4-9C601987CAEA}.Ad-Hoc|x86.ActiveCfg = Release|Any CPU
		{D41448B6-B901-4496-AAA4-9C601987CAEA}.Ad-Hoc|x86.Build.0 = Release|Any CPU
		{D41448B6-B901-4496-AAA4-9C601987CAEA}.Ad-Hoc|x86.Deploy.0 = Release|Any CPU
		{D41448B6-B901-4496-AAA4-9C601987CAEA}.AppStore|Any CPU.ActiveCfg = Release|Any CPU
		{D41448B6-B901-4496-AAA4-9C601987CAEA}.AppStore|Any CPU.Build.0 = Release|Any CPU
		{D41448B6-B901-4496-AAA4-9C601987CAEA}.AppStore|Any CPU.Deploy.0 = Release|Any CPU
		{D41448B6-B901-4496-AAA4-9C601987CAEA}.AppStore|ARM.ActiveCfg = Release|Any CPU
		{D41448B6-B901-4496-AAA4-9C601987CAEA}.AppStore|ARM.Build.0 = Release|Any CPU
		{D41448B6-B901-4496-AAA4-9C601987CAEA}.AppStore|ARM.Deploy.0 = Release|Any CPU
		{D41448B6-B901-4496-AAA4-9C601987CAEA}.AppStore|iPhone.ActiveCfg = Release|Any CPU
		{D41448B6-B901-4496-AAA4-9C601987CAEA}.AppStore|iPhone.Build.0 = Release|Any CPU
		{D41448B6-B901-4496-AAA4-9C601987CAEA}.AppStore|iPhone.Deploy.0 = Release|Any CPU
		{D41448B6-B901-4496-AAA4-9C601987CAEA}.AppStore|iPhoneSimulator.ActiveCfg = Release|Any CPU
		{D41448B6-B901-4496-AAA4-9C601987CAEA}.AppStore|iPhoneSimulator.Build.0 = Release|Any CPU
		{D41448B6-B901-4496-AAA4-9C601987CAEA}.AppStore|iPhoneSimulator.Deploy.0 = Release|Any CPU
		{D41448B6-B901-4496-AAA4-9C601987CAEA}.AppStore|x64.ActiveCfg = Release|Any CPU
		{D41448B6-B901-4496-AAA4-9C601987CAEA}.AppStore|x64.Build.0 = Release|Any CPU
		{D41448B6-B901-4496-AAA4-9C601987CAEA}.AppStore|x64.Deploy.0 = Release|Any CPU
		{D41448B6-B901-4496-AAA4-9C601987CAEA}.AppStore|x86.ActiveCfg = Release|Any CPU
		{D41448B6-B901-4496-AAA4-9C601987CAEA}.AppStore|x86.Build.0 = Release|Any CPU
		{D41448B6-B901-4496-AAA4-9C601987CAEA}.AppStore|x86.Deploy.0 = Release|Any CPU
		{D41448B6-B901-4496-AAA4-9C601987CAEA}.Debug|Any CPU.ActiveCfg = Debug|Any CPU
		{D41448B6-B901-4496-AAA4-9C601987CAEA}.Debug|Any CPU.Build.0 = Debug|Any CPU
		{D41448B6-B901-4496-AAA4-9C601987CAEA}.Debug|Any CPU.Deploy.0 = Debug|Any CPU
		{D41448B6-B901-4496-AAA4-9C601987CAEA}.Debug|ARM.ActiveCfg = Debug|Any CPU
		{D41448B6-B901-4496-AAA4-9C601987CAEA}.Debug|ARM.Build.0 = Debug|Any CPU
		{D41448B6-B901-4496-AAA4-9C601987CAEA}.Debug|ARM.Deploy.0 = Debug|Any CPU
		{D41448B6-B901-4496-AAA4-9C601987CAEA}.Debug|iPhone.ActiveCfg = Debug|Any CPU
		{D41448B6-B901-4496-AAA4-9C601987CAEA}.Debug|iPhone.Build.0 = Debug|Any CPU
		{D41448B6-B901-4496-AAA4-9C601987CAEA}.Debug|iPhone.Deploy.0 = Debug|Any CPU
		{D41448B6-B901-4496-AAA4-9C601987CAEA}.Debug|iPhoneSimulator.ActiveCfg = Debug|Any CPU
		{D41448B6-B901-4496-AAA4-9C601987CAEA}.Debug|iPhoneSimulator.Build.0 = Debug|Any CPU
		{D41448B6-B901-4496-AAA4-9C601987CAEA}.Debug|iPhoneSimulator.Deploy.0 = Debug|Any CPU
		{D41448B6-B901-4496-AAA4-9C601987CAEA}.Debug|x64.ActiveCfg = Debug|Any CPU
		{D41448B6-B901-4496-AAA4-9C601987CAEA}.Debug|x64.Build.0 = Debug|Any CPU
		{D41448B6-B901-4496-AAA4-9C601987CAEA}.Debug|x64.Deploy.0 = Debug|Any CPU
		{D41448B6-B901-4496-AAA4-9C601987CAEA}.Debug|x86.ActiveCfg = Debug|Any CPU
		{D41448B6-B901-4496-AAA4-9C601987CAEA}.Debug|x86.Build.0 = Debug|Any CPU
		{D41448B6-B901-4496-AAA4-9C601987CAEA}.Debug|x86.Deploy.0 = Debug|Any CPU
		{D41448B6-B901-4496-AAA4-9C601987CAEA}.Release|Any CPU.ActiveCfg = Release|Any CPU
		{D41448B6-B901-4496-AAA4-9C601987CAEA}.Release|Any CPU.Build.0 = Release|Any CPU
		{D41448B6-B901-4496-AAA4-9C601987CAEA}.Release|Any CPU.Deploy.0 = Release|Any CPU
		{D41448B6-B901-4496-AAA4-9C601987CAEA}.Release|ARM.ActiveCfg = Release|Any CPU
		{D41448B6-B901-4496-AAA4-9C601987CAEA}.Release|ARM.Build.0 = Release|Any CPU
		{D41448B6-B901-4496-AAA4-9C601987CAEA}.Release|ARM.Deploy.0 = Release|Any CPU
		{D41448B6-B901-4496-AAA4-9C601987CAEA}.Release|iPhone.ActiveCfg = Release|Any CPU
		{D41448B6-B901-4496-AAA4-9C601987CAEA}.Release|iPhone.Build.0 = Release|Any CPU
		{D41448B6-B901-4496-AAA4-9C601987CAEA}.Release|iPhone.Deploy.0 = Release|Any CPU
		{D41448B6-B901-4496-AAA4-9C601987CAEA}.Release|iPhoneSimulator.ActiveCfg = Release|Any CPU
		{D41448B6-B901-4496-AAA4-9C601987CAEA}.Release|iPhoneSimulator.Build.0 = Release|Any CPU
		{D41448B6-B901-4496-AAA4-9C601987CAEA}.Release|iPhoneSimulator.Deploy.0 = Release|Any CPU
		{D41448B6-B901-4496-AAA4-9C601987CAEA}.Release|x64.ActiveCfg = Release|Any CPU
		{D41448B6-B901-4496-AAA4-9C601987CAEA}.Release|x64.Build.0 = Release|Any CPU
		{D41448B6-B901-4496-AAA4-9C601987CAEA}.Release|x64.Deploy.0 = Release|Any CPU
		{D41448B6-B901-4496-AAA4-9C601987CAEA}.Release|x86.ActiveCfg = Release|Any CPU
		{D41448B6-B901-4496-AAA4-9C601987CAEA}.Release|x86.Build.0 = Release|Any CPU
		{D41448B6-B901-4496-AAA4-9C601987CAEA}.Release|x86.Deploy.0 = Release|Any CPU
		{AE652310-0496-4453-9F44-277C56C5FEFB}.Ad-Hoc|Any CPU.ActiveCfg = Ad-Hoc|iPhone
		{AE652310-0496-4453-9F44-277C56C5FEFB}.Ad-Hoc|ARM.ActiveCfg = Ad-Hoc|iPhone
		{AE652310-0496-4453-9F44-277C56C5FEFB}.Ad-Hoc|iPhone.ActiveCfg = Ad-Hoc|iPhone
		{AE652310-0496-4453-9F44-277C56C5FEFB}.Ad-Hoc|iPhone.Build.0 = Ad-Hoc|iPhone
		{AE652310-0496-4453-9F44-277C56C5FEFB}.Ad-Hoc|iPhoneSimulator.ActiveCfg = Ad-Hoc|iPhoneSimulator
		{AE652310-0496-4453-9F44-277C56C5FEFB}.Ad-Hoc|iPhoneSimulator.Build.0 = Ad-Hoc|iPhoneSimulator
		{AE652310-0496-4453-9F44-277C56C5FEFB}.Ad-Hoc|x64.ActiveCfg = Ad-Hoc|iPhone
		{AE652310-0496-4453-9F44-277C56C5FEFB}.Ad-Hoc|x86.ActiveCfg = Ad-Hoc|iPhone
		{AE652310-0496-4453-9F44-277C56C5FEFB}.AppStore|Any CPU.ActiveCfg = AppStore|iPhone
		{AE652310-0496-4453-9F44-277C56C5FEFB}.AppStore|ARM.ActiveCfg = AppStore|iPhone
		{AE652310-0496-4453-9F44-277C56C5FEFB}.AppStore|iPhone.ActiveCfg = AppStore|iPhone
		{AE652310-0496-4453-9F44-277C56C5FEFB}.AppStore|iPhone.Build.0 = AppStore|iPhone
		{AE652310-0496-4453-9F44-277C56C5FEFB}.AppStore|iPhoneSimulator.ActiveCfg = AppStore|iPhoneSimulator
		{AE652310-0496-4453-9F44-277C56C5FEFB}.AppStore|iPhoneSimulator.Build.0 = AppStore|iPhoneSimulator
		{AE652310-0496-4453-9F44-277C56C5FEFB}.AppStore|x64.ActiveCfg = AppStore|iPhone
		{AE652310-0496-4453-9F44-277C56C5FEFB}.AppStore|x86.ActiveCfg = AppStore|iPhone
		{AE652310-0496-4453-9F44-277C56C5FEFB}.Debug|Any CPU.ActiveCfg = Debug|iPhone
		{AE652310-0496-4453-9F44-277C56C5FEFB}.Debug|ARM.ActiveCfg = Debug|iPhone
		{AE652310-0496-4453-9F44-277C56C5FEFB}.Debug|iPhone.ActiveCfg = Debug|iPhone
		{AE652310-0496-4453-9F44-277C56C5FEFB}.Debug|iPhone.Build.0 = Debug|iPhone
		{AE652310-0496-4453-9F44-277C56C5FEFB}.Debug|iPhoneSimulator.ActiveCfg = Debug|iPhoneSimulator
		{AE652310-0496-4453-9F44-277C56C5FEFB}.Debug|iPhoneSimulator.Build.0 = Debug|iPhoneSimulator
		{AE652310-0496-4453-9F44-277C56C5FEFB}.Debug|x64.ActiveCfg = Debug|iPhone
		{AE652310-0496-4453-9F44-277C56C5FEFB}.Debug|x86.ActiveCfg = Debug|iPhone
		{AE652310-0496-4453-9F44-277C56C5FEFB}.Release|Any CPU.ActiveCfg = Release|iPhone
		{AE652310-0496-4453-9F44-277C56C5FEFB}.Release|ARM.ActiveCfg = Release|iPhone
		{AE652310-0496-4453-9F44-277C56C5FEFB}.Release|iPhone.ActiveCfg = Release|iPhone
		{AE652310-0496-4453-9F44-277C56C5FEFB}.Release|iPhone.Build.0 = Release|iPhone
		{AE652310-0496-4453-9F44-277C56C5FEFB}.Release|iPhoneSimulator.ActiveCfg = Release|iPhoneSimulator
		{AE652310-0496-4453-9F44-277C56C5FEFB}.Release|iPhoneSimulator.Build.0 = Release|iPhoneSimulator
		{AE652310-0496-4453-9F44-277C56C5FEFB}.Release|x64.ActiveCfg = Release|iPhone
		{AE652310-0496-4453-9F44-277C56C5FEFB}.Release|x86.ActiveCfg = Release|iPhone
		{62326272-A3B2-4DFF-B870-620BF0583E55}.Ad-Hoc|Any CPU.ActiveCfg = Release|Any CPU
		{62326272-A3B2-4DFF-B870-620BF0583E55}.Ad-Hoc|Any CPU.Build.0 = Release|Any CPU
		{62326272-A3B2-4DFF-B870-620BF0583E55}.Ad-Hoc|Any CPU.Deploy.0 = Release|Any CPU
		{62326272-A3B2-4DFF-B870-620BF0583E55}.Ad-Hoc|ARM.ActiveCfg = Release|ARM
		{62326272-A3B2-4DFF-B870-620BF0583E55}.Ad-Hoc|ARM.Build.0 = Release|ARM
		{62326272-A3B2-4DFF-B870-620BF0583E55}.Ad-Hoc|ARM.Deploy.0 = Release|ARM
		{62326272-A3B2-4DFF-B870-620BF0583E55}.Ad-Hoc|iPhone.ActiveCfg = Release|Any CPU
		{62326272-A3B2-4DFF-B870-620BF0583E55}.Ad-Hoc|iPhone.Build.0 = Release|Any CPU
		{62326272-A3B2-4DFF-B870-620BF0583E55}.Ad-Hoc|iPhone.Deploy.0 = Release|Any CPU
		{62326272-A3B2-4DFF-B870-620BF0583E55}.Ad-Hoc|iPhoneSimulator.ActiveCfg = Release|Any CPU
		{62326272-A3B2-4DFF-B870-620BF0583E55}.Ad-Hoc|iPhoneSimulator.Build.0 = Release|Any CPU
		{62326272-A3B2-4DFF-B870-620BF0583E55}.Ad-Hoc|iPhoneSimulator.Deploy.0 = Release|Any CPU
		{62326272-A3B2-4DFF-B870-620BF0583E55}.Ad-Hoc|x64.ActiveCfg = Release|Any CPU
		{62326272-A3B2-4DFF-B870-620BF0583E55}.Ad-Hoc|x64.Build.0 = Release|Any CPU
		{62326272-A3B2-4DFF-B870-620BF0583E55}.Ad-Hoc|x64.Deploy.0 = Release|Any CPU
		{62326272-A3B2-4DFF-B870-620BF0583E55}.Ad-Hoc|x86.ActiveCfg = Release|x86
		{62326272-A3B2-4DFF-B870-620BF0583E55}.Ad-Hoc|x86.Build.0 = Release|x86
		{62326272-A3B2-4DFF-B870-620BF0583E55}.Ad-Hoc|x86.Deploy.0 = Release|x86
		{62326272-A3B2-4DFF-B870-620BF0583E55}.AppStore|Any CPU.ActiveCfg = Release|Any CPU
		{62326272-A3B2-4DFF-B870-620BF0583E55}.AppStore|Any CPU.Build.0 = Release|Any CPU
		{62326272-A3B2-4DFF-B870-620BF0583E55}.AppStore|Any CPU.Deploy.0 = Release|Any CPU
		{62326272-A3B2-4DFF-B870-620BF0583E55}.AppStore|ARM.ActiveCfg = Release|ARM
		{62326272-A3B2-4DFF-B870-620BF0583E55}.AppStore|ARM.Build.0 = Release|ARM
		{62326272-A3B2-4DFF-B870-620BF0583E55}.AppStore|ARM.Deploy.0 = Release|ARM
		{62326272-A3B2-4DFF-B870-620BF0583E55}.AppStore|iPhone.ActiveCfg = Release|Any CPU
		{62326272-A3B2-4DFF-B870-620BF0583E55}.AppStore|iPhone.Build.0 = Release|Any CPU
		{62326272-A3B2-4DFF-B870-620BF0583E55}.AppStore|iPhone.Deploy.0 = Release|Any CPU
		{62326272-A3B2-4DFF-B870-620BF0583E55}.AppStore|iPhoneSimulator.ActiveCfg = Release|Any CPU
		{62326272-A3B2-4DFF-B870-620BF0583E55}.AppStore|iPhoneSimulator.Build.0 = Release|Any CPU
		{62326272-A3B2-4DFF-B870-620BF0583E55}.AppStore|iPhoneSimulator.Deploy.0 = Release|Any CPU
		{62326272-A3B2-4DFF-B870-620BF0583E55}.AppStore|x64.ActiveCfg = Release|Any CPU
		{62326272-A3B2-4DFF-B870-620BF0583E55}.AppStore|x64.Build.0 = Release|Any CPU
		{62326272-A3B2-4DFF-B870-620BF0583E55}.AppStore|x64.Deploy.0 = Release|Any CPU
		{62326272-A3B2-4DFF-B870-620BF0583E55}.AppStore|x86.ActiveCfg = Release|x86
		{62326272-A3B2-4DFF-B870-620BF0583E55}.AppStore|x86.Build.0 = Release|x86
		{62326272-A3B2-4DFF-B870-620BF0583E55}.AppStore|x86.Deploy.0 = Release|x86
		{62326272-A3B2-4DFF-B870-620BF0583E55}.Debug|Any CPU.ActiveCfg = Debug|Any CPU
		{62326272-A3B2-4DFF-B870-620BF0583E55}.Debug|Any CPU.Build.0 = Debug|Any CPU
		{62326272-A3B2-4DFF-B870-620BF0583E55}.Debug|Any CPU.Deploy.0 = Debug|Any CPU
		{62326272-A3B2-4DFF-B870-620BF0583E55}.Debug|ARM.ActiveCfg = Debug|ARM
		{62326272-A3B2-4DFF-B870-620BF0583E55}.Debug|ARM.Build.0 = Debug|ARM
		{62326272-A3B2-4DFF-B870-620BF0583E55}.Debug|ARM.Deploy.0 = Debug|ARM
		{62326272-A3B2-4DFF-B870-620BF0583E55}.Debug|iPhone.ActiveCfg = Debug|Any CPU
		{62326272-A3B2-4DFF-B870-620BF0583E55}.Debug|iPhone.Build.0 = Debug|Any CPU
		{62326272-A3B2-4DFF-B870-620BF0583E55}.Debug|iPhone.Deploy.0 = Debug|Any CPU
		{62326272-A3B2-4DFF-B870-620BF0583E55}.Debug|iPhoneSimulator.ActiveCfg = Debug|Any CPU
		{62326272-A3B2-4DFF-B870-620BF0583E55}.Debug|iPhoneSimulator.Build.0 = Debug|Any CPU
		{62326272-A3B2-4DFF-B870-620BF0583E55}.Debug|iPhoneSimulator.Deploy.0 = Debug|Any CPU
		{62326272-A3B2-4DFF-B870-620BF0583E55}.Debug|x64.ActiveCfg = Debug|Any CPU
		{62326272-A3B2-4DFF-B870-620BF0583E55}.Debug|x64.Build.0 = Debug|Any CPU
		{62326272-A3B2-4DFF-B870-620BF0583E55}.Debug|x64.Deploy.0 = Debug|Any CPU
		{62326272-A3B2-4DFF-B870-620BF0583E55}.Debug|x86.ActiveCfg = Debug|x86
		{62326272-A3B2-4DFF-B870-620BF0583E55}.Debug|x86.Build.0 = Debug|x86
		{62326272-A3B2-4DFF-B870-620BF0583E55}.Debug|x86.Deploy.0 = Debug|x86
		{62326272-A3B2-4DFF-B870-620BF0583E55}.Release|Any CPU.ActiveCfg = Release|Any CPU
		{62326272-A3B2-4DFF-B870-620BF0583E55}.Release|Any CPU.Build.0 = Release|Any CPU
		{62326272-A3B2-4DFF-B870-620BF0583E55}.Release|Any CPU.Deploy.0 = Release|Any CPU
		{62326272-A3B2-4DFF-B870-620BF0583E55}.Release|ARM.ActiveCfg = Release|ARM
		{62326272-A3B2-4DFF-B870-620BF0583E55}.Release|ARM.Build.0 = Release|ARM
		{62326272-A3B2-4DFF-B870-620BF0583E55}.Release|ARM.Deploy.0 = Release|ARM
		{62326272-A3B2-4DFF-B870-620BF0583E55}.Release|iPhone.ActiveCfg = Release|Any CPU
		{62326272-A3B2-4DFF-B870-620BF0583E55}.Release|iPhone.Build.0 = Release|Any CPU
		{62326272-A3B2-4DFF-B870-620BF0583E55}.Release|iPhone.Deploy.0 = Release|Any CPU
		{62326272-A3B2-4DFF-B870-620BF0583E55}.Release|iPhoneSimulator.ActiveCfg = Release|Any CPU
		{62326272-A3B2-4DFF-B870-620BF0583E55}.Release|iPhoneSimulator.Build.0 = Release|Any CPU
		{62326272-A3B2-4DFF-B870-620BF0583E55}.Release|iPhoneSimulator.Deploy.0 = Release|Any CPU
		{62326272-A3B2-4DFF-B870-620BF0583E55}.Release|x64.ActiveCfg = Release|Any CPU
		{62326272-A3B2-4DFF-B870-620BF0583E55}.Release|x64.Build.0 = Release|Any CPU
		{62326272-A3B2-4DFF-B870-620BF0583E55}.Release|x64.Deploy.0 = Release|Any CPU
		{62326272-A3B2-4DFF-B870-620BF0583E55}.Release|x86.ActiveCfg = Release|x86
		{62326272-A3B2-4DFF-B870-620BF0583E55}.Release|x86.Build.0 = Release|x86
		{62326272-A3B2-4DFF-B870-620BF0583E55}.Release|x86.Deploy.0 = Release|x86
		{7DEB182B-36A4-4F77-B127-2A59BD1BCF4F}.Ad-Hoc|Any CPU.ActiveCfg = Release|x86
		{7DEB182B-36A4-4F77-B127-2A59BD1BCF4F}.Ad-Hoc|Any CPU.Build.0 = Release|x86
		{7DEB182B-36A4-4F77-B127-2A59BD1BCF4F}.Ad-Hoc|Any CPU.Deploy.0 = Release|x86
		{7DEB182B-36A4-4F77-B127-2A59BD1BCF4F}.Ad-Hoc|ARM.ActiveCfg = Release|ARM
		{7DEB182B-36A4-4F77-B127-2A59BD1BCF4F}.Ad-Hoc|ARM.Build.0 = Release|ARM
		{7DEB182B-36A4-4F77-B127-2A59BD1BCF4F}.Ad-Hoc|ARM.Deploy.0 = Release|ARM
		{7DEB182B-36A4-4F77-B127-2A59BD1BCF4F}.Ad-Hoc|iPhone.ActiveCfg = Release|x86
		{7DEB182B-36A4-4F77-B127-2A59BD1BCF4F}.Ad-Hoc|iPhone.Build.0 = Release|x86
		{7DEB182B-36A4-4F77-B127-2A59BD1BCF4F}.Ad-Hoc|iPhone.Deploy.0 = Release|x86
		{7DEB182B-36A4-4F77-B127-2A59BD1BCF4F}.Ad-Hoc|iPhoneSimulator.ActiveCfg = Release|x86
		{7DEB182B-36A4-4F77-B127-2A59BD1BCF4F}.Ad-Hoc|iPhoneSimulator.Build.0 = Release|x86
		{7DEB182B-36A4-4F77-B127-2A59BD1BCF4F}.Ad-Hoc|iPhoneSimulator.Deploy.0 = Release|x86
		{7DEB182B-36A4-4F77-B127-2A59BD1BCF4F}.Ad-Hoc|x64.ActiveCfg = Release|x64
		{7DEB182B-36A4-4F77-B127-2A59BD1BCF4F}.Ad-Hoc|x64.Build.0 = Release|x64
		{7DEB182B-36A4-4F77-B127-2A59BD1BCF4F}.Ad-Hoc|x64.Deploy.0 = Release|x64
		{7DEB182B-36A4-4F77-B127-2A59BD1BCF4F}.Ad-Hoc|x86.ActiveCfg = Release|x86
		{7DEB182B-36A4-4F77-B127-2A59BD1BCF4F}.Ad-Hoc|x86.Build.0 = Release|x86
		{7DEB182B-36A4-4F77-B127-2A59BD1BCF4F}.Ad-Hoc|x86.Deploy.0 = Release|x86
		{7DEB182B-36A4-4F77-B127-2A59BD1BCF4F}.AppStore|Any CPU.ActiveCfg = Release|x86
		{7DEB182B-36A4-4F77-B127-2A59BD1BCF4F}.AppStore|Any CPU.Build.0 = Release|x86
		{7DEB182B-36A4-4F77-B127-2A59BD1BCF4F}.AppStore|Any CPU.Deploy.0 = Release|x86
		{7DEB182B-36A4-4F77-B127-2A59BD1BCF4F}.AppStore|ARM.ActiveCfg = Release|ARM
		{7DEB182B-36A4-4F77-B127-2A59BD1BCF4F}.AppStore|ARM.Build.0 = Release|ARM
		{7DEB182B-36A4-4F77-B127-2A59BD1BCF4F}.AppStore|ARM.Deploy.0 = Release|ARM
		{7DEB182B-36A4-4F77-B127-2A59BD1BCF4F}.AppStore|iPhone.ActiveCfg = Release|x86
		{7DEB182B-36A4-4F77-B127-2A59BD1BCF4F}.AppStore|iPhone.Build.0 = Release|x86
		{7DEB182B-36A4-4F77-B127-2A59BD1BCF4F}.AppStore|iPhone.Deploy.0 = Release|x86
		{7DEB182B-36A4-4F77-B127-2A59BD1BCF4F}.AppStore|iPhoneSimulator.ActiveCfg = Release|x86
		{7DEB182B-36A4-4F77-B127-2A59BD1BCF4F}.AppStore|iPhoneSimulator.Build.0 = Release|x86
		{7DEB182B-36A4-4F77-B127-2A59BD1BCF4F}.AppStore|iPhoneSimulator.Deploy.0 = Release|x86
		{7DEB182B-36A4-4F77-B127-2A59BD1BCF4F}.AppStore|x64.ActiveCfg = Release|x64
		{7DEB182B-36A4-4F77-B127-2A59BD1BCF4F}.AppStore|x64.Build.0 = Release|x64
		{7DEB182B-36A4-4F77-B127-2A59BD1BCF4F}.AppStore|x64.Deploy.0 = Release|x64
		{7DEB182B-36A4-4F77-B127-2A59BD1BCF4F}.AppStore|x86.ActiveCfg = Release|x86
		{7DEB182B-36A4-4F77-B127-2A59BD1BCF4F}.AppStore|x86.Build.0 = Release|x86
		{7DEB182B-36A4-4F77-B127-2A59BD1BCF4F}.AppStore|x86.Deploy.0 = Release|x86
		{7DEB182B-36A4-4F77-B127-2A59BD1BCF4F}.Debug|Any CPU.ActiveCfg = Debug|x86
		{7DEB182B-36A4-4F77-B127-2A59BD1BCF4F}.Debug|ARM.ActiveCfg = Debug|ARM
		{7DEB182B-36A4-4F77-B127-2A59BD1BCF4F}.Debug|ARM.Build.0 = Debug|ARM
		{7DEB182B-36A4-4F77-B127-2A59BD1BCF4F}.Debug|ARM.Deploy.0 = Debug|ARM
		{7DEB182B-36A4-4F77-B127-2A59BD1BCF4F}.Debug|iPhone.ActiveCfg = Debug|x86
		{7DEB182B-36A4-4F77-B127-2A59BD1BCF4F}.Debug|iPhoneSimulator.ActiveCfg = Debug|x86
		{7DEB182B-36A4-4F77-B127-2A59BD1BCF4F}.Debug|x64.ActiveCfg = Debug|x64
		{7DEB182B-36A4-4F77-B127-2A59BD1BCF4F}.Debug|x64.Build.0 = Debug|x64
		{7DEB182B-36A4-4F77-B127-2A59BD1BCF4F}.Debug|x64.Deploy.0 = Debug|x64
		{7DEB182B-36A4-4F77-B127-2A59BD1BCF4F}.Debug|x86.ActiveCfg = Debug|x86
		{7DEB182B-36A4-4F77-B127-2A59BD1BCF4F}.Debug|x86.Build.0 = Debug|x86
		{7DEB182B-36A4-4F77-B127-2A59BD1BCF4F}.Debug|x86.Deploy.0 = Debug|x86
		{7DEB182B-36A4-4F77-B127-2A59BD1BCF4F}.Release|Any CPU.ActiveCfg = Release|x86
		{7DEB182B-36A4-4F77-B127-2A59BD1BCF4F}.Release|ARM.ActiveCfg = Release|ARM
		{7DEB182B-36A4-4F77-B127-2A59BD1BCF4F}.Release|ARM.Build.0 = Release|ARM
		{7DEB182B-36A4-4F77-B127-2A59BD1BCF4F}.Release|ARM.Deploy.0 = Release|ARM
		{7DEB182B-36A4-4F77-B127-2A59BD1BCF4F}.Release|iPhone.ActiveCfg = Release|x86
		{7DEB182B-36A4-4F77-B127-2A59BD1BCF4F}.Release|iPhoneSimulator.ActiveCfg = Release|x86
		{7DEB182B-36A4-4F77-B127-2A59BD1BCF4F}.Release|x64.ActiveCfg = Release|x64
		{7DEB182B-36A4-4F77-B127-2A59BD1BCF4F}.Release|x64.Build.0 = Release|x64
		{7DEB182B-36A4-4F77-B127-2A59BD1BCF4F}.Release|x64.Deploy.0 = Release|x64
		{7DEB182B-36A4-4F77-B127-2A59BD1BCF4F}.Release|x86.ActiveCfg = Release|x86
		{7DEB182B-36A4-4F77-B127-2A59BD1BCF4F}.Release|x86.Build.0 = Release|x86
		{7DEB182B-36A4-4F77-B127-2A59BD1BCF4F}.Release|x86.Deploy.0 = Release|x86
		{971283A9-2199-4086-916F-1C629F696F57}.Ad-Hoc|Any CPU.ActiveCfg = Release|Any CPU
		{971283A9-2199-4086-916F-1C629F696F57}.Ad-Hoc|Any CPU.Build.0 = Release|Any CPU
		{971283A9-2199-4086-916F-1C629F696F57}.Ad-Hoc|Any CPU.Deploy.0 = Release|Any CPU
		{971283A9-2199-4086-916F-1C629F696F57}.Ad-Hoc|ARM.ActiveCfg = Release|ARM
		{971283A9-2199-4086-916F-1C629F696F57}.Ad-Hoc|ARM.Build.0 = Release|ARM
		{971283A9-2199-4086-916F-1C629F696F57}.Ad-Hoc|ARM.Deploy.0 = Release|ARM
		{971283A9-2199-4086-916F-1C629F696F57}.Ad-Hoc|iPhone.ActiveCfg = Release|Any CPU
		{971283A9-2199-4086-916F-1C629F696F57}.Ad-Hoc|iPhone.Build.0 = Release|Any CPU
		{971283A9-2199-4086-916F-1C629F696F57}.Ad-Hoc|iPhone.Deploy.0 = Release|Any CPU
		{971283A9-2199-4086-916F-1C629F696F57}.Ad-Hoc|iPhoneSimulator.ActiveCfg = Release|Any CPU
		{971283A9-2199-4086-916F-1C629F696F57}.Ad-Hoc|iPhoneSimulator.Build.0 = Release|Any CPU
		{971283A9-2199-4086-916F-1C629F696F57}.Ad-Hoc|iPhoneSimulator.Deploy.0 = Release|Any CPU
		{971283A9-2199-4086-916F-1C629F696F57}.Ad-Hoc|x64.ActiveCfg = Release|x64
		{971283A9-2199-4086-916F-1C629F696F57}.Ad-Hoc|x64.Build.0 = Release|x64
		{971283A9-2199-4086-916F-1C629F696F57}.Ad-Hoc|x64.Deploy.0 = Release|x64
		{971283A9-2199-4086-916F-1C629F696F57}.Ad-Hoc|x86.ActiveCfg = Release|x86
		{971283A9-2199-4086-916F-1C629F696F57}.Ad-Hoc|x86.Build.0 = Release|x86
		{971283A9-2199-4086-916F-1C629F696F57}.Ad-Hoc|x86.Deploy.0 = Release|x86
		{971283A9-2199-4086-916F-1C629F696F57}.AppStore|Any CPU.ActiveCfg = Release|Any CPU
		{971283A9-2199-4086-916F-1C629F696F57}.AppStore|Any CPU.Build.0 = Release|Any CPU
		{971283A9-2199-4086-916F-1C629F696F57}.AppStore|Any CPU.Deploy.0 = Release|Any CPU
		{971283A9-2199-4086-916F-1C629F696F57}.AppStore|ARM.ActiveCfg = Release|ARM
		{971283A9-2199-4086-916F-1C629F696F57}.AppStore|ARM.Build.0 = Release|ARM
		{971283A9-2199-4086-916F-1C629F696F57}.AppStore|ARM.Deploy.0 = Release|ARM
		{971283A9-2199-4086-916F-1C629F696F57}.AppStore|iPhone.ActiveCfg = Release|Any CPU
		{971283A9-2199-4086-916F-1C629F696F57}.AppStore|iPhone.Build.0 = Release|Any CPU
		{971283A9-2199-4086-916F-1C629F696F57}.AppStore|iPhone.Deploy.0 = Release|Any CPU
		{971283A9-2199-4086-916F-1C629F696F57}.AppStore|iPhoneSimulator.ActiveCfg = Release|Any CPU
		{971283A9-2199-4086-916F-1C629F696F57}.AppStore|iPhoneSimulator.Build.0 = Release|Any CPU
		{971283A9-2199-4086-916F-1C629F696F57}.AppStore|iPhoneSimulator.Deploy.0 = Release|Any CPU
		{971283A9-2199-4086-916F-1C629F696F57}.AppStore|x64.ActiveCfg = Release|x64
		{971283A9-2199-4086-916F-1C629F696F57}.AppStore|x64.Build.0 = Release|x64
		{971283A9-2199-4086-916F-1C629F696F57}.AppStore|x64.Deploy.0 = Release|x64
		{971283A9-2199-4086-916F-1C629F696F57}.AppStore|x86.ActiveCfg = Release|x86
		{971283A9-2199-4086-916F-1C629F696F57}.AppStore|x86.Build.0 = Release|x86
		{971283A9-2199-4086-916F-1C629F696F57}.AppStore|x86.Deploy.0 = Release|x86
		{971283A9-2199-4086-916F-1C629F696F57}.Debug|Any CPU.ActiveCfg = Debug|Any CPU
		{971283A9-2199-4086-916F-1C629F696F57}.Debug|Any CPU.Build.0 = Debug|Any CPU
		{971283A9-2199-4086-916F-1C629F696F57}.Debug|Any CPU.Deploy.0 = Debug|Any CPU
		{971283A9-2199-4086-916F-1C629F696F57}.Debug|ARM.ActiveCfg = Debug|ARM
		{971283A9-2199-4086-916F-1C629F696F57}.Debug|ARM.Build.0 = Debug|ARM
		{971283A9-2199-4086-916F-1C629F696F57}.Debug|ARM.Deploy.0 = Debug|ARM
		{971283A9-2199-4086-916F-1C629F696F57}.Debug|iPhone.ActiveCfg = Debug|Any CPU
		{971283A9-2199-4086-916F-1C629F696F57}.Debug|iPhone.Build.0 = Debug|Any CPU
		{971283A9-2199-4086-916F-1C629F696F57}.Debug|iPhone.Deploy.0 = Debug|Any CPU
		{971283A9-2199-4086-916F-1C629F696F57}.Debug|iPhoneSimulator.ActiveCfg = Debug|Any CPU
		{971283A9-2199-4086-916F-1C629F696F57}.Debug|iPhoneSimulator.Build.0 = Debug|Any CPU
		{971283A9-2199-4086-916F-1C629F696F57}.Debug|iPhoneSimulator.Deploy.0 = Debug|Any CPU
		{971283A9-2199-4086-916F-1C629F696F57}.Debug|x64.ActiveCfg = Debug|x64
		{971283A9-2199-4086-916F-1C629F696F57}.Debug|x64.Build.0 = Debug|x64
		{971283A9-2199-4086-916F-1C629F696F57}.Debug|x64.Deploy.0 = Debug|x64
		{971283A9-2199-4086-916F-1C629F696F57}.Debug|x86.ActiveCfg = Debug|x86
		{971283A9-2199-4086-916F-1C629F696F57}.Debug|x86.Build.0 = Debug|x86
		{971283A9-2199-4086-916F-1C629F696F57}.Debug|x86.Deploy.0 = Debug|x86
		{971283A9-2199-4086-916F-1C629F696F57}.Release|Any CPU.ActiveCfg = Release|Any CPU
		{971283A9-2199-4086-916F-1C629F696F57}.Release|Any CPU.Build.0 = Release|Any CPU
		{971283A9-2199-4086-916F-1C629F696F57}.Release|Any CPU.Deploy.0 = Release|Any CPU
		{971283A9-2199-4086-916F-1C629F696F57}.Release|ARM.ActiveCfg = Release|ARM
		{971283A9-2199-4086-916F-1C629F696F57}.Release|ARM.Build.0 = Release|ARM
		{971283A9-2199-4086-916F-1C629F696F57}.Release|ARM.Deploy.0 = Release|ARM
		{971283A9-2199-4086-916F-1C629F696F57}.Release|iPhone.ActiveCfg = Release|Any CPU
		{971283A9-2199-4086-916F-1C629F696F57}.Release|iPhone.Build.0 = Release|Any CPU
		{971283A9-2199-4086-916F-1C629F696F57}.Release|iPhone.Deploy.0 = Release|Any CPU
		{971283A9-2199-4086-916F-1C629F696F57}.Release|iPhoneSimulator.ActiveCfg = Release|Any CPU
		{971283A9-2199-4086-916F-1C629F696F57}.Release|iPhoneSimulator.Build.0 = Release|Any CPU
		{971283A9-2199-4086-916F-1C629F696F57}.Release|iPhoneSimulator.Deploy.0 = Release|Any CPU
		{971283A9-2199-4086-916F-1C629F696F57}.Release|x64.ActiveCfg = Release|x64
		{971283A9-2199-4086-916F-1C629F696F57}.Release|x64.Build.0 = Release|x64
		{971283A9-2199-4086-916F-1C629F696F57}.Release|x64.Deploy.0 = Release|x64
		{971283A9-2199-4086-916F-1C629F696F57}.Release|x86.ActiveCfg = Release|x86
		{971283A9-2199-4086-916F-1C629F696F57}.Release|x86.Build.0 = Release|x86
		{971283A9-2199-4086-916F-1C629F696F57}.Release|x86.Deploy.0 = Release|x86
		{C3ED522E-B822-4A16-9066-CB2CA323BC8F}.Ad-Hoc|Any CPU.ActiveCfg = Release|Any CPU
		{C3ED522E-B822-4A16-9066-CB2CA323BC8F}.Ad-Hoc|Any CPU.Build.0 = Release|Any CPU
		{C3ED522E-B822-4A16-9066-CB2CA323BC8F}.Ad-Hoc|ARM.ActiveCfg = Release|Any CPU
		{C3ED522E-B822-4A16-9066-CB2CA323BC8F}.Ad-Hoc|ARM.Build.0 = Release|Any CPU
		{C3ED522E-B822-4A16-9066-CB2CA323BC8F}.Ad-Hoc|iPhone.ActiveCfg = Release|Any CPU
		{C3ED522E-B822-4A16-9066-CB2CA323BC8F}.Ad-Hoc|iPhone.Build.0 = Release|Any CPU
		{C3ED522E-B822-4A16-9066-CB2CA323BC8F}.Ad-Hoc|iPhoneSimulator.ActiveCfg = Release|Any CPU
		{C3ED522E-B822-4A16-9066-CB2CA323BC8F}.Ad-Hoc|iPhoneSimulator.Build.0 = Release|Any CPU
		{C3ED522E-B822-4A16-9066-CB2CA323BC8F}.Ad-Hoc|x64.ActiveCfg = Release|Any CPU
		{C3ED522E-B822-4A16-9066-CB2CA323BC8F}.Ad-Hoc|x64.Build.0 = Release|Any CPU
		{C3ED522E-B822-4A16-9066-CB2CA323BC8F}.Ad-Hoc|x86.ActiveCfg = Release|Any CPU
		{C3ED522E-B822-4A16-9066-CB2CA323BC8F}.Ad-Hoc|x86.Build.0 = Release|Any CPU
		{C3ED522E-B822-4A16-9066-CB2CA323BC8F}.AppStore|Any CPU.ActiveCfg = Release|Any CPU
		{C3ED522E-B822-4A16-9066-CB2CA323BC8F}.AppStore|Any CPU.Build.0 = Release|Any CPU
		{C3ED522E-B822-4A16-9066-CB2CA323BC8F}.AppStore|ARM.ActiveCfg = Release|Any CPU
		{C3ED522E-B822-4A16-9066-CB2CA323BC8F}.AppStore|ARM.Build.0 = Release|Any CPU
		{C3ED522E-B822-4A16-9066-CB2CA323BC8F}.AppStore|iPhone.ActiveCfg = Release|Any CPU
		{C3ED522E-B822-4A16-9066-CB2CA323BC8F}.AppStore|iPhone.Build.0 = Release|Any CPU
		{C3ED522E-B822-4A16-9066-CB2CA323BC8F}.AppStore|iPhoneSimulator.ActiveCfg = Release|Any CPU
		{C3ED522E-B822-4A16-9066-CB2CA323BC8F}.AppStore|iPhoneSimulator.Build.0 = Release|Any CPU
		{C3ED522E-B822-4A16-9066-CB2CA323BC8F}.AppStore|x64.ActiveCfg = Release|Any CPU
		{C3ED522E-B822-4A16-9066-CB2CA323BC8F}.AppStore|x64.Build.0 = Release|Any CPU
		{C3ED522E-B822-4A16-9066-CB2CA323BC8F}.AppStore|x86.ActiveCfg = Release|Any CPU
		{C3ED522E-B822-4A16-9066-CB2CA323BC8F}.AppStore|x86.Build.0 = Release|Any CPU
		{C3ED522E-B822-4A16-9066-CB2CA323BC8F}.Debug|Any CPU.ActiveCfg = Debug|Any CPU
		{C3ED522E-B822-4A16-9066-CB2CA323BC8F}.Debug|Any CPU.Build.0 = Debug|Any CPU
		{C3ED522E-B822-4A16-9066-CB2CA323BC8F}.Debug|ARM.ActiveCfg = Debug|Any CPU
		{C3ED522E-B822-4A16-9066-CB2CA323BC8F}.Debug|ARM.Build.0 = Debug|Any CPU
		{C3ED522E-B822-4A16-9066-CB2CA323BC8F}.Debug|iPhone.ActiveCfg = Debug|Any CPU
		{C3ED522E-B822-4A16-9066-CB2CA323BC8F}.Debug|iPhone.Build.0 = Debug|Any CPU
		{C3ED522E-B822-4A16-9066-CB2CA323BC8F}.Debug|iPhoneSimulator.ActiveCfg = Debug|Any CPU
		{C3ED522E-B822-4A16-9066-CB2CA323BC8F}.Debug|iPhoneSimulator.Build.0 = Debug|Any CPU
		{C3ED522E-B822-4A16-9066-CB2CA323BC8F}.Debug|x64.ActiveCfg = Debug|Any CPU
		{C3ED522E-B822-4A16-9066-CB2CA323BC8F}.Debug|x64.Build.0 = Debug|Any CPU
		{C3ED522E-B822-4A16-9066-CB2CA323BC8F}.Debug|x86.ActiveCfg = Debug|Any CPU
		{C3ED522E-B822-4A16-9066-CB2CA323BC8F}.Debug|x86.Build.0 = Debug|Any CPU
		{C3ED522E-B822-4A16-9066-CB2CA323BC8F}.Release|Any CPU.ActiveCfg = Release|Any CPU
		{C3ED522E-B822-4A16-9066-CB2CA323BC8F}.Release|Any CPU.Build.0 = Release|Any CPU
		{C3ED522E-B822-4A16-9066-CB2CA323BC8F}.Release|ARM.ActiveCfg = Release|Any CPU
		{C3ED522E-B822-4A16-9066-CB2CA323BC8F}.Release|ARM.Build.0 = Release|Any CPU
		{C3ED522E-B822-4A16-9066-CB2CA323BC8F}.Release|iPhone.ActiveCfg = Release|Any CPU
		{C3ED522E-B822-4A16-9066-CB2CA323BC8F}.Release|iPhone.Build.0 = Release|Any CPU
		{C3ED522E-B822-4A16-9066-CB2CA323BC8F}.Release|iPhoneSimulator.ActiveCfg = Release|Any CPU
		{C3ED522E-B822-4A16-9066-CB2CA323BC8F}.Release|iPhoneSimulator.Build.0 = Release|Any CPU
		{C3ED522E-B822-4A16-9066-CB2CA323BC8F}.Release|x64.ActiveCfg = Release|Any CPU
		{C3ED522E-B822-4A16-9066-CB2CA323BC8F}.Release|x64.Build.0 = Release|Any CPU
		{C3ED522E-B822-4A16-9066-CB2CA323BC8F}.Release|x86.ActiveCfg = Release|Any CPU
		{C3ED522E-B822-4A16-9066-CB2CA323BC8F}.Release|x86.Build.0 = Release|Any CPU
	EndGlobalSection
	GlobalSection(SolutionProperties) = preSolution
		HideSolutionNode = FALSE
	EndGlobalSection
EndGlobal
